// !$*UTF8*$!
{
	archiveVersion = 1;
	classes = {
	};
	objectVersion = 50;
	objects = {

/* Begin PBXBuildFile section */
		A05A73672516E583003ECF11 /* AppDelegate.swift in Sources */ = {isa = PBXBuildFile; fileRef = A05A73662516E583003ECF11 /* AppDelegate.swift */; };
		A05A73692516E583003ECF11 /* SceneDelegate.swift in Sources */ = {isa = PBXBuildFile; fileRef = A05A73682516E583003ECF11 /* SceneDelegate.swift */; };
		A05A736B2516E583003ECF11 /* ViewController.swift in Sources */ = {isa = PBXBuildFile; fileRef = A05A736A2516E583003ECF11 /* ViewController.swift */; };
		A05A736E2516E583003ECF11 /* Main.storyboard in Resources */ = {isa = PBXBuildFile; fileRef = A05A736C2516E583003ECF11 /* Main.storyboard */; };
		A05A73702516E586003ECF11 /* Assets.xcassets in Resources */ = {isa = PBXBuildFile; fileRef = A05A736F2516E586003ECF11 /* Assets.xcassets */; };
		A05A73732516E586003ECF11 /* LaunchScreen.storyboard in Resources */ = {isa = PBXBuildFile; fileRef = A05A73712516E586003ECF11 /* LaunchScreen.storyboard */; };
		A05A737E2516E586003ECF11 /* TechMonTests.swift in Sources */ = {isa = PBXBuildFile; fileRef = A05A737D2516E586003ECF11 /* TechMonTests.swift */; };
		A05A73892516E586003ECF11 /* TechMonUITests.swift in Sources */ = {isa = PBXBuildFile; fileRef = A05A73882516E586003ECF11 /* TechMonUITests.swift */; };
		A05A73AD2516E607003ECF11 /* lobby.png in Resources */ = {isa = PBXBuildFile; fileRef = A05A73982516E607003ECF11 /* lobby.png */; };
		A05A73AE2516E607003ECF11 /* battlebg.png in Resources */ = {isa = PBXBuildFile; fileRef = A05A73992516E607003ECF11 /* battlebg.png */; };
		A05A73AF2516E607003ECF11 /* bgimage.jpg in Resources */ = {isa = PBXBuildFile; fileRef = A05A739A2516E607003ECF11 /* bgimage.jpg */; };
		A05A73B02516E607003ECF11 /* waku.png in Resources */ = {isa = PBXBuildFile; fileRef = A05A739B2516E607003ECF11 /* waku.png */; };
		A05A73B12516E607003ECF11 /* gold_button.png in Resources */ = {isa = PBXBuildFile; fileRef = A05A739C2516E607003ECF11 /* gold_button.png */; };
		A05A73B22516E607003ECF11 /* yusya.png in Resources */ = {isa = PBXBuildFile; fileRef = A05A739D2516E607003ECF11 /* yusya.png */; };
		A05A73B32516E607003ECF11 /* monster.png in Resources */ = {isa = PBXBuildFile; fileRef = A05A739E2516E607003ECF11 /* monster.png */; };
		A05A73B42516E607003ECF11 /* Enemy.swift in Sources */ = {isa = PBXBuildFile; fileRef = A05A73A02516E607003ECF11 /* Enemy.swift */; };
		A05A73B52516E607003ECF11 /* TechDraUtil.swift in Sources */ = {isa = PBXBuildFile; fileRef = A05A73A12516E607003ECF11 /* TechDraUtil.swift */; };
		A05A73B62516E607003ECF11 /* Player.swift in Sources */ = {isa = PBXBuildFile; fileRef = A05A73A22516E607003ECF11 /* Player.swift */; };
		A05A73B72516E607003ECF11 /* SE_fanfare.mp3 in Resources */ = {isa = PBXBuildFile; fileRef = A05A73A42516E607003ECF11 /* SE_fanfare.mp3 */; };
		A05A73B82516E607003ECF11 /* BGM_battle001.mp3 in Resources */ = {isa = PBXBuildFile; fileRef = A05A73A52516E607003ECF11 /* BGM_battle001.mp3 */; };
		A05A73B92516E607003ECF11 /* SE_fire.mp3 in Resources */ = {isa = PBXBuildFile; fileRef = A05A73A62516E607003ECF11 /* SE_fire.mp3 */; };
		A05A73BA2516E607003ECF11 /* SE_attack.mp3 in Resources */ = {isa = PBXBuildFile; fileRef = A05A73A72516E607003ECF11 /* SE_attack.mp3 */; };
		A05A73BB2516E607003ECF11 /* SE_gameover.mp3 in Resources */ = {isa = PBXBuildFile; fileRef = A05A73A82516E607003ECF11 /* SE_gameover.mp3 */; };
		A05A73BC2516E607003ECF11 /* SE_charge.mp3 in Resources */ = {isa = PBXBuildFile; fileRef = A05A73A92516E607003ECF11 /* SE_charge.mp3 */; };
		A05A73BD2516E607003ECF11 /* lobby.mp3 in Resources */ = {isa = PBXBuildFile; fileRef = A05A73AA2516E607003ECF11 /* lobby.mp3 */; };
		A05A73BE2516E607003ECF11 /* misaki_gothic.ttf in Resources */ = {isa = PBXBuildFile; fileRef = A05A73AC2516E607003ECF11 /* misaki_gothic.ttf */; };
		A05A73C02516F2E6003ECF11 /* LobbyViewController.swift in Sources */ = {isa = PBXBuildFile; fileRef = A05A73BF2516F2E6003ECF11 /* LobbyViewController.swift */; };
		A05A73C22516F315003ECF11 /* BattleViewController.swift in Sources */ = {isa = PBXBuildFile; fileRef = A05A73C12516F315003ECF11 /* BattleViewController.swift */; };
/* End PBXBuildFile section */

/* Begin PBXContainerItemProxy section */
		A05A737A2516E586003ECF11 /* PBXContainerItemProxy */ = {
			isa = PBXContainerItemProxy;
			containerPortal = A05A735B2516E583003ECF11 /* Project object */;
			proxyType = 1;
			remoteGlobalIDString = A05A73622516E583003ECF11;
			remoteInfo = TechMon;
		};
		A05A73852516E586003ECF11 /* PBXContainerItemProxy */ = {
			isa = PBXContainerItemProxy;
			containerPortal = A05A735B2516E583003ECF11 /* Project object */;
			proxyType = 1;
			remoteGlobalIDString = A05A73622516E583003ECF11;
			remoteInfo = TechMon;
		};
/* End PBXContainerItemProxy section */

/* Begin PBXFileReference section */
		A05A73632516E583003ECF11 /* TechMon.app */ = {isa = PBXFileReference; explicitFileType = wrapper.application; includeInIndex = 0; path = TechMon.app; sourceTree = BUILT_PRODUCTS_DIR; };
		A05A73662516E583003ECF11 /* AppDelegate.swift */ = {isa = PBXFileReference; lastKnownFileType = sourcecode.swift; path = AppDelegate.swift; sourceTree = "<group>"; };
		A05A73682516E583003ECF11 /* SceneDelegate.swift */ = {isa = PBXFileReference; lastKnownFileType = sourcecode.swift; path = SceneDelegate.swift; sourceTree = "<group>"; };
		A05A736A2516E583003ECF11 /* ViewController.swift */ = {isa = PBXFileReference; lastKnownFileType = sourcecode.swift; path = ViewController.swift; sourceTree = "<group>"; };
		A05A736D2516E583003ECF11 /* Base */ = {isa = PBXFileReference; lastKnownFileType = file.storyboard; name = Base; path = Base.lproj/Main.storyboard; sourceTree = "<group>"; };
		A05A736F2516E586003ECF11 /* Assets.xcassets */ = {isa = PBXFileReference; lastKnownFileType = folder.assetcatalog; path = Assets.xcassets; sourceTree = "<group>"; };
		A05A73722516E586003ECF11 /* Base */ = {isa = PBXFileReference; lastKnownFileType = file.storyboard; name = Base; path = Base.lproj/LaunchScreen.storyboard; sourceTree = "<group>"; };
		A05A73742516E586003ECF11 /* Info.plist */ = {isa = PBXFileReference; lastKnownFileType = text.plist.xml; path = Info.plist; sourceTree = "<group>"; };
		A05A73792516E586003ECF11 /* TechMonTests.xctest */ = {isa = PBXFileReference; explicitFileType = wrapper.cfbundle; includeInIndex = 0; path = TechMonTests.xctest; sourceTree = BUILT_PRODUCTS_DIR; };
		A05A737D2516E586003ECF11 /* TechMonTests.swift */ = {isa = PBXFileReference; lastKnownFileType = sourcecode.swift; path = TechMonTests.swift; sourceTree = "<group>"; };
		A05A737F2516E586003ECF11 /* Info.plist */ = {isa = PBXFileReference; lastKnownFileType = text.plist.xml; path = Info.plist; sourceTree = "<group>"; };
		A05A73842516E586003ECF11 /* TechMonUITests.xctest */ = {isa = PBXFileReference; explicitFileType = wrapper.cfbundle; includeInIndex = 0; path = TechMonUITests.xctest; sourceTree = BUILT_PRODUCTS_DIR; };
		A05A73882516E586003ECF11 /* TechMonUITests.swift */ = {isa = PBXFileReference; lastKnownFileType = sourcecode.swift; path = TechMonUITests.swift; sourceTree = "<group>"; };
		A05A738A2516E586003ECF11 /* Info.plist */ = {isa = PBXFileReference; lastKnownFileType = text.plist.xml; path = Info.plist; sourceTree = "<group>"; };
		A05A73982516E607003ECF11 /* lobby.png */ = {isa = PBXFileReference; lastKnownFileType = image.png; path = lobby.png; sourceTree = "<group>"; };
		A05A73992516E607003ECF11 /* battlebg.png */ = {isa = PBXFileReference; lastKnownFileType = image.png; path = battlebg.png; sourceTree = "<group>"; };
		A05A739A2516E607003ECF11 /* bgimage.jpg */ = {isa = PBXFileReference; lastKnownFileType = image.jpeg; path = bgimage.jpg; sourceTree = "<group>"; };
		A05A739B2516E607003ECF11 /* waku.png */ = {isa = PBXFileReference; lastKnownFileType = image.png; path = waku.png; sourceTree = "<group>"; };
		A05A739C2516E607003ECF11 /* gold_button.png */ = {isa = PBXFileReference; lastKnownFileType = image.png; path = gold_button.png; sourceTree = "<group>"; };
		A05A739D2516E607003ECF11 /* yusya.png */ = {isa = PBXFileReference; lastKnownFileType = image.png; path = yusya.png; sourceTree = "<group>"; };
		A05A739E2516E607003ECF11 /* monster.png */ = {isa = PBXFileReference; lastKnownFileType = image.png; path = monster.png; sourceTree = "<group>"; };
		A05A73A02516E607003ECF11 /* Enemy.swift */ = {isa = PBXFileReference; fileEncoding = 4; lastKnownFileType = sourcecode.swift; path = Enemy.swift; sourceTree = "<group>"; };
		A05A73A12516E607003ECF11 /* TechDraUtil.swift */ = {isa = PBXFileReference; fileEncoding = 4; lastKnownFileType = sourcecode.swift; path = TechDraUtil.swift; sourceTree = "<group>"; };
		A05A73A22516E607003ECF11 /* Player.swift */ = {isa = PBXFileReference; fileEncoding = 4; lastKnownFileType = sourcecode.swift; path = Player.swift; sourceTree = "<group>"; };
		A05A73A42516E607003ECF11 /* SE_fanfare.mp3 */ = {isa = PBXFileReference; lastKnownFileType = audio.mp3; path = SE_fanfare.mp3; sourceTree = "<group>"; };
		A05A73A52516E607003ECF11 /* BGM_battle001.mp3 */ = {isa = PBXFileReference; lastKnownFileType = audio.mp3; path = BGM_battle001.mp3; sourceTree = "<group>"; };
		A05A73A62516E607003ECF11 /* SE_fire.mp3 */ = {isa = PBXFileReference; lastKnownFileType = audio.mp3; path = SE_fire.mp3; sourceTree = "<group>"; };
		A05A73A72516E607003ECF11 /* SE_attack.mp3 */ = {isa = PBXFileReference; lastKnownFileType = audio.mp3; path = SE_attack.mp3; sourceTree = "<group>"; };
		A05A73A82516E607003ECF11 /* SE_gameover.mp3 */ = {isa = PBXFileReference; lastKnownFileType = audio.mp3; path = SE_gameover.mp3; sourceTree = "<group>"; };
		A05A73A92516E607003ECF11 /* SE_charge.mp3 */ = {isa = PBXFileReference; lastKnownFileType = audio.mp3; path = SE_charge.mp3; sourceTree = "<group>"; };
		A05A73AA2516E607003ECF11 /* lobby.mp3 */ = {isa = PBXFileReference; lastKnownFileType = audio.mp3; path = lobby.mp3; sourceTree = "<group>"; };
		A05A73AC2516E607003ECF11 /* misaki_gothic.ttf */ = {isa = PBXFileReference; lastKnownFileType = file; path = misaki_gothic.ttf; sourceTree = "<group>"; };
		A05A73BF2516F2E6003ECF11 /* LobbyViewController.swift */ = {isa = PBXFileReference; lastKnownFileType = sourcecode.swift; path = LobbyViewController.swift; sourceTree = "<group>"; };
		A05A73C12516F315003ECF11 /* BattleViewController.swift */ = {isa = PBXFileReference; lastKnownFileType = sourcecode.swift; path = BattleViewController.swift; sourceTree = "<group>"; };
/* End PBXFileReference section */

/* Begin PBXFrameworksBuildPhase section */
		A05A73602516E583003ECF11 /* Frameworks */ = {
			isa = PBXFrameworksBuildPhase;
			buildActionMask = 2147483647;
			files = (
			);
			runOnlyForDeploymentPostprocessing = 0;
		};
		A05A73762516E586003ECF11 /* Frameworks */ = {
			isa = PBXFrameworksBuildPhase;
			buildActionMask = 2147483647;
			files = (
			);
			runOnlyForDeploymentPostprocessing = 0;
		};
		A05A73812516E586003ECF11 /* Frameworks */ = {
			isa = PBXFrameworksBuildPhase;
			buildActionMask = 2147483647;
			files = (
			);
			runOnlyForDeploymentPostprocessing = 0;
		};
/* End PBXFrameworksBuildPhase section */

/* Begin PBXGroup section */
		A05A735A2516E583003ECF11 = {
			isa = PBXGroup;
			children = (
				A05A73652516E583003ECF11 /* TechMon */,
				A05A737C2516E586003ECF11 /* TechMonTests */,
				A05A73872516E586003ECF11 /* TechMonUITests */,
				A05A73642516E583003ECF11 /* Products */,
			);
			sourceTree = "<group>";
		};
		A05A73642516E583003ECF11 /* Products */ = {
			isa = PBXGroup;
			children = (
				A05A73632516E583003ECF11 /* TechMon.app */,
				A05A73792516E586003ECF11 /* TechMonTests.xctest */,
				A05A73842516E586003ECF11 /* TechMonUITests.xctest */,
			);
			name = Products;
			sourceTree = "<group>";
		};
		A05A73652516E583003ECF11 /* TechMon */ = {
			isa = PBXGroup;
			children = (
				A05A73962516E607003ECF11 /* TechMon_Resources */,
				A05A73662516E583003ECF11 /* AppDelegate.swift */,
				A05A73682516E583003ECF11 /* SceneDelegate.swift */,
				A05A736A2516E583003ECF11 /* ViewController.swift */,
				A05A736C2516E583003ECF11 /* Main.storyboard */,
				A05A736F2516E586003ECF11 /* Assets.xcassets */,
				A05A73712516E586003ECF11 /* LaunchScreen.storyboard */,
				A05A73742516E586003ECF11 /* Info.plist */,
				A05A73BF2516F2E6003ECF11 /* LobbyViewController.swift */,
				A05A73C12516F315003ECF11 /* BattleViewController.swift */,
			);
			path = TechMon;
			sourceTree = "<group>";
		};
		A05A737C2516E586003ECF11 /* TechMonTests */ = {
			isa = PBXGroup;
			children = (
				A05A737D2516E586003ECF11 /* TechMonTests.swift */,
				A05A737F2516E586003ECF11 /* Info.plist */,
			);
			path = TechMonTests;
			sourceTree = "<group>";
		};
		A05A73872516E586003ECF11 /* TechMonUITests */ = {
			isa = PBXGroup;
			children = (
				A05A73882516E586003ECF11 /* TechMonUITests.swift */,
				A05A738A2516E586003ECF11 /* Info.plist */,
			);
			path = TechMonUITests;
			sourceTree = "<group>";
		};
		A05A73962516E607003ECF11 /* TechMon_Resources */ = {
			isa = PBXGroup;
			children = (
				A05A73972516E607003ECF11 /* Images */,
				A05A739F2516E607003ECF11 /* Models */,
				A05A73A32516E607003ECF11 /* Sounds */,
				A05A73AB2516E607003ECF11 /* Fonts */,
			);
			path = TechMon_Resources;
			sourceTree = "<group>";
		};
		A05A73972516E607003ECF11 /* Images */ = {
			isa = PBXGroup;
			children = (
				A05A73982516E607003ECF11 /* lobby.png */,
				A05A73992516E607003ECF11 /* battlebg.png */,
				A05A739A2516E607003ECF11 /* bgimage.jpg */,
				A05A739B2516E607003ECF11 /* waku.png */,
				A05A739C2516E607003ECF11 /* gold_button.png */,
				A05A739D2516E607003ECF11 /* yusya.png */,
				A05A739E2516E607003ECF11 /* monster.png */,
			);
			path = Images;
			sourceTree = "<group>";
		};
		A05A739F2516E607003ECF11 /* Models */ = {
			isa = PBXGroup;
			children = (
				A05A73A02516E607003ECF11 /* Enemy.swift */,
				A05A73A12516E607003ECF11 /* TechDraUtil.swift */,
				A05A73A22516E607003ECF11 /* Player.swift */,
			);
			path = Models;
			sourceTree = "<group>";
		};
		A05A73A32516E607003ECF11 /* Sounds */ = {
			isa = PBXGroup;
			children = (
				A05A73A42516E607003ECF11 /* SE_fanfare.mp3 */,
				A05A73A52516E607003ECF11 /* BGM_battle001.mp3 */,
				A05A73A62516E607003ECF11 /* SE_fire.mp3 */,
				A05A73A72516E607003ECF11 /* SE_attack.mp3 */,
				A05A73A82516E607003ECF11 /* SE_gameover.mp3 */,
				A05A73A92516E607003ECF11 /* SE_charge.mp3 */,
				A05A73AA2516E607003ECF11 /* lobby.mp3 */,
			);
			path = Sounds;
			sourceTree = "<group>";
		};
		A05A73AB2516E607003ECF11 /* Fonts */ = {
			isa = PBXGroup;
			children = (
				A05A73AC2516E607003ECF11 /* misaki_gothic.ttf */,
			);
			path = Fonts;
			sourceTree = "<group>";
		};
/* End PBXGroup section */

/* Begin PBXNativeTarget section */
		A05A73622516E583003ECF11 /* TechMon */ = {
			isa = PBXNativeTarget;
			buildConfigurationList = A05A738D2516E586003ECF11 /* Build configuration list for PBXNativeTarget "TechMon" */;
			buildPhases = (
				A05A735F2516E583003ECF11 /* Sources */,
				A05A73602516E583003ECF11 /* Frameworks */,
				A05A73612516E583003ECF11 /* Resources */,
			);
			buildRules = (
			);
			dependencies = (
			);
			name = TechMon;
			productName = TechMon;
			productReference = A05A73632516E583003ECF11 /* TechMon.app */;
			productType = "com.apple.product-type.application";
		};
		A05A73782516E586003ECF11 /* TechMonTests */ = {
			isa = PBXNativeTarget;
			buildConfigurationList = A05A73902516E586003ECF11 /* Build configuration list for PBXNativeTarget "TechMonTests" */;
			buildPhases = (
				A05A73752516E586003ECF11 /* Sources */,
				A05A73762516E586003ECF11 /* Frameworks */,
				A05A73772516E586003ECF11 /* Resources */,
			);
			buildRules = (
			);
			dependencies = (
				A05A737B2516E586003ECF11 /* PBXTargetDependency */,
			);
			name = TechMonTests;
			productName = TechMonTests;
			productReference = A05A73792516E586003ECF11 /* TechMonTests.xctest */;
			productType = "com.apple.product-type.bundle.unit-test";
		};
		A05A73832516E586003ECF11 /* TechMonUITests */ = {
			isa = PBXNativeTarget;
			buildConfigurationList = A05A73932516E586003ECF11 /* Build configuration list for PBXNativeTarget "TechMonUITests" */;
			buildPhases = (
				A05A73802516E586003ECF11 /* Sources */,
				A05A73812516E586003ECF11 /* Frameworks */,
				A05A73822516E586003ECF11 /* Resources */,
			);
			buildRules = (
			);
			dependencies = (
				A05A73862516E586003ECF11 /* PBXTargetDependency */,
			);
			name = TechMonUITests;
			productName = TechMonUITests;
			productReference = A05A73842516E586003ECF11 /* TechMonUITests.xctest */;
			productType = "com.apple.product-type.bundle.ui-testing";
		};
/* End PBXNativeTarget section */

/* Begin PBXProject section */
		A05A735B2516E583003ECF11 /* Project object */ = {
			isa = PBXProject;
			attributes = {
				LastSwiftUpdateCheck = 1170;
				LastUpgradeCheck = 1170;
				ORGANIZATIONNAME = com.litech;
				TargetAttributes = {
					A05A73622516E583003ECF11 = {
						CreatedOnToolsVersion = 11.7;
					};
					A05A73782516E586003ECF11 = {
						CreatedOnToolsVersion = 11.7;
						TestTargetID = A05A73622516E583003ECF11;
					};
					A05A73832516E586003ECF11 = {
						CreatedOnToolsVersion = 11.7;
						TestTargetID = A05A73622516E583003ECF11;
					};
				};
			};
			buildConfigurationList = A05A735E2516E583003ECF11 /* Build configuration list for PBXProject "TechMon" */;
			compatibilityVersion = "Xcode 9.3";
			developmentRegion = en;
			hasScannedForEncodings = 0;
			knownRegions = (
				en,
				Base,
			);
			mainGroup = A05A735A2516E583003ECF11;
			productRefGroup = A05A73642516E583003ECF11 /* Products */;
			projectDirPath = "";
			projectRoot = "";
			targets = (
				A05A73622516E583003ECF11 /* TechMon */,
				A05A73782516E586003ECF11 /* TechMonTests */,
				A05A73832516E586003ECF11 /* TechMonUITests */,
			);
		};
/* End PBXProject section */

/* Begin PBXResourcesBuildPhase section */
		A05A73612516E583003ECF11 /* Resources */ = {
			isa = PBXResourcesBuildPhase;
			buildActionMask = 2147483647;
			files = (
				A05A73B22516E607003ECF11 /* yusya.png in Resources */,
				A05A73AF2516E607003ECF11 /* bgimage.jpg in Resources */,
				A05A73B02516E607003ECF11 /* waku.png in Resources */,
				A05A73B72516E607003ECF11 /* SE_fanfare.mp3 in Resources */,
				A05A73AD2516E607003ECF11 /* lobby.png in Resources */,
				A05A73B12516E607003ECF11 /* gold_button.png in Resources */,
				A05A73BA2516E607003ECF11 /* SE_attack.mp3 in Resources */,
				A05A73732516E586003ECF11 /* LaunchScreen.storyboard in Resources */,
				A05A73BD2516E607003ECF11 /* lobby.mp3 in Resources */,
				A05A73702516E586003ECF11 /* Assets.xcassets in Resources */,
				A05A73BE2516E607003ECF11 /* misaki_gothic.ttf in Resources */,
				A05A73BB2516E607003ECF11 /* SE_gameover.mp3 in Resources */,
				A05A73AE2516E607003ECF11 /* battlebg.png in Resources */,
				A05A73B82516E607003ECF11 /* BGM_battle001.mp3 in Resources */,
				A05A73BC2516E607003ECF11 /* SE_charge.mp3 in Resources */,
				A05A73B92516E607003ECF11 /* SE_fire.mp3 in Resources */,
				A05A73B32516E607003ECF11 /* monster.png in Resources */,
				A05A736E2516E583003ECF11 /* Main.storyboard in Resources */,
			);
			runOnlyForDeploymentPostprocessing = 0;
		};
		A05A73772516E586003ECF11 /* Resources */ = {
			isa = PBXResourcesBuildPhase;
			buildActionMask = 2147483647;
			files = (
			);
			runOnlyForDeploymentPostprocessing = 0;
		};
		A05A73822516E586003ECF11 /* Resources */ = {
			isa = PBXResourcesBuildPhase;
			buildActionMask = 2147483647;
			files = (
			);
			runOnlyForDeploymentPostprocessing = 0;
		};
/* End PBXResourcesBuildPhase section */

/* Begin PBXSourcesBuildPhase section */
		A05A735F2516E583003ECF11 /* Sources */ = {
			isa = PBXSourcesBuildPhase;
			buildActionMask = 2147483647;
			files = (
				A05A73C22516F315003ECF11 /* BattleViewController.swift in Sources */,
				A05A73B42516E607003ECF11 /* Enemy.swift in Sources */,
				A05A736B2516E583003ECF11 /* ViewController.swift in Sources */,
				A05A73672516E583003ECF11 /* AppDelegate.swift in Sources */,
				A05A73692516E583003ECF11 /* SceneDelegate.swift in Sources */,
				A05A73C02516F2E6003ECF11 /* LobbyViewController.swift in Sources */,
				A05A73B62516E607003ECF11 /* Player.swift in Sources */,
				A05A73B52516E607003ECF11 /* TechDraUtil.swift in Sources */,
			);
			runOnlyForDeploymentPostprocessing = 0;
		};
		A05A73752516E586003ECF11 /* Sources */ = {
			isa = PBXSourcesBuildPhase;
			buildActionMask = 2147483647;
			files = (
				A05A737E2516E586003ECF11 /* TechMonTests.swift in Sources */,
			);
			runOnlyForDeploymentPostprocessing = 0;
		};
		A05A73802516E586003ECF11 /* Sources */ = {
			isa = PBXSourcesBuildPhase;
			buildActionMask = 2147483647;
			files = (
				A05A73892516E586003ECF11 /* TechMonUITests.swift in Sources */,
			);
			runOnlyForDeploymentPostprocessing = 0;
		};
/* End PBXSourcesBuildPhase section */

/* Begin PBXTargetDependency section */
		A05A737B2516E586003ECF11 /* PBXTargetDependency */ = {
			isa = PBXTargetDependency;
			target = A05A73622516E583003ECF11 /* TechMon */;
			targetProxy = A05A737A2516E586003ECF11 /* PBXContainerItemProxy */;
		};
		A05A73862516E586003ECF11 /* PBXTargetDependency */ = {
			isa = PBXTargetDependency;
			target = A05A73622516E583003ECF11 /* TechMon */;
			targetProxy = A05A73852516E586003ECF11 /* PBXContainerItemProxy */;
		};
/* End PBXTargetDependency section */

/* Begin PBXVariantGroup section */
		A05A736C2516E583003ECF11 /* Main.storyboard */ = {
			isa = PBXVariantGroup;
			children = (
				A05A736D2516E583003ECF11 /* Base */,
			);
			name = Main.storyboard;
			sourceTree = "<group>";
		};
		A05A73712516E586003ECF11 /* LaunchScreen.storyboard */ = {
			isa = PBXVariantGroup;
			children = (
				A05A73722516E586003ECF11 /* Base */,
			);
			name = LaunchScreen.storyboard;
			sourceTree = "<group>";
		};
/* End PBXVariantGroup section */

/* Begin XCBuildConfiguration section */
		A05A738B2516E586003ECF11 /* Debug */ = {
			isa = XCBuildConfiguration;
			buildSettings = {
				ALWAYS_SEARCH_USER_PATHS = NO;
				CLANG_ANALYZER_NONNULL = YES;
				CLANG_ANALYZER_NUMBER_OBJECT_CONVERSION = YES_AGGRESSIVE;
				CLANG_CXX_LANGUAGE_STANDARD = "gnu++14";
				CLANG_CXX_LIBRARY = "libc++";
				CLANG_ENABLE_MODULES = YES;
				CLANG_ENABLE_OBJC_ARC = YES;
				CLANG_ENABLE_OBJC_WEAK = YES;
				CLANG_WARN_BLOCK_CAPTURE_AUTORELEASING = YES;
				CLANG_WARN_BOOL_CONVERSION = YES;
				CLANG_WARN_COMMA = YES;
				CLANG_WARN_CONSTANT_CONVERSION = YES;
				CLANG_WARN_DEPRECATED_OBJC_IMPLEMENTATIONS = YES;
				CLANG_WARN_DIRECT_OBJC_ISA_USAGE = YES_ERROR;
				CLANG_WARN_DOCUMENTATION_COMMENTS = YES;
				CLANG_WARN_EMPTY_BODY = YES;
				CLANG_WARN_ENUM_CONVERSION = YES;
				CLANG_WARN_INFINITE_RECURSION = YES;
				CLANG_WARN_INT_CONVERSION = YES;
				CLANG_WARN_NON_LITERAL_NULL_CONVERSION = YES;
				CLANG_WARN_OBJC_IMPLICIT_RETAIN_SELF = YES;
				CLANG_WARN_OBJC_LITERAL_CONVERSION = YES;
				CLANG_WARN_OBJC_ROOT_CLASS = YES_ERROR;
				CLANG_WARN_RANGE_LOOP_ANALYSIS = YES;
				CLANG_WARN_STRICT_PROTOTYPES = YES;
				CLANG_WARN_SUSPICIOUS_MOVE = YES;
				CLANG_WARN_UNGUARDED_AVAILABILITY = YES_AGGRESSIVE;
				CLANG_WARN_UNREACHABLE_CODE = YES;
				CLANG_WARN__DUPLICATE_METHOD_MATCH = YES;
				COPY_PHASE_STRIP = NO;
				DEBUG_INFORMATION_FORMAT = dwarf;
				ENABLE_STRICT_OBJC_MSGSEND = YES;
				ENABLE_TESTABILITY = YES;
				GCC_C_LANGUAGE_STANDARD = gnu11;
				GCC_DYNAMIC_NO_PIC = NO;
				GCC_NO_COMMON_BLOCKS = YES;
				GCC_OPTIMIZATION_LEVEL = 0;
				GCC_PREPROCESSOR_DEFINITIONS = (
					"DEBUG=1",
					"$(inherited)",
				);
				GCC_WARN_64_TO_32_BIT_CONVERSION = YES;
				GCC_WARN_ABOUT_RETURN_TYPE = YES_ERROR;
				GCC_WARN_UNDECLARED_SELECTOR = YES;
				GCC_WARN_UNINITIALIZED_AUTOS = YES_AGGRESSIVE;
				GCC_WARN_UNUSED_FUNCTION = YES;
				GCC_WARN_UNUSED_VARIABLE = YES;
				IPHONEOS_DEPLOYMENT_TARGET = 13.7;
				MTL_ENABLE_DEBUG_INFO = INCLUDE_SOURCE;
				MTL_FAST_MATH = YES;
				ONLY_ACTIVE_ARCH = YES;
				SDKROOT = iphoneos;
				SWIFT_ACTIVE_COMPILATION_CONDITIONS = DEBUG;
				SWIFT_OPTIMIZATION_LEVEL = "-Onone";
			};
			name = Debug;
		};
		A05A738C2516E586003ECF11 /* Release */ = {
			isa = XCBuildConfiguration;
			buildSettings = {
				ALWAYS_SEARCH_USER_PATHS = NO;
				CLANG_ANALYZER_NONNULL = YES;
				CLANG_ANALYZER_NUMBER_OBJECT_CONVERSION = YES_AGGRESSIVE;
				CLANG_CXX_LANGUAGE_STANDARD = "gnu++14";
				CLANG_CXX_LIBRARY = "libc++";
				CLANG_ENABLE_MODULES = YES;
				CLANG_ENABLE_OBJC_ARC = YES;
				CLANG_ENABLE_OBJC_WEAK = YES;
				CLANG_WARN_BLOCK_CAPTURE_AUTORELEASING = YES;
				CLANG_WARN_BOOL_CONVERSION = YES;
				CLANG_WARN_COMMA = YES;
				CLANG_WARN_CONSTANT_CONVERSION = YES;
				CLANG_WARN_DEPRECATED_OBJC_IMPLEMENTATIONS = YES;
				CLANG_WARN_DIRECT_OBJC_ISA_USAGE = YES_ERROR;
				CLANG_WARN_DOCUMENTATION_COMMENTS = YES;
				CLANG_WARN_EMPTY_BODY = YES;
				CLANG_WARN_ENUM_CONVERSION = YES;
				CLANG_WARN_INFINITE_RECURSION = YES;
				CLANG_WARN_INT_CONVERSION = YES;
				CLANG_WARN_NON_LITERAL_NULL_CONVERSION = YES;
				CLANG_WARN_OBJC_IMPLICIT_RETAIN_SELF = YES;
				CLANG_WARN_OBJC_LITERAL_CONVERSION = YES;
				CLANG_WARN_OBJC_ROOT_CLASS = YES_ERROR;
				CLANG_WARN_RANGE_LOOP_ANALYSIS = YES;
				CLANG_WARN_STRICT_PROTOTYPES = YES;
				CLANG_WARN_SUSPICIOUS_MOVE = YES;
				CLANG_WARN_UNGUARDED_AVAILABILITY = YES_AGGRESSIVE;
				CLANG_WARN_UNREACHABLE_CODE = YES;
				CLANG_WARN__DUPLICATE_METHOD_MATCH = YES;
				COPY_PHASE_STRIP = NO;
				DEBUG_INFORMATION_FORMAT = "dwarf-with-dsym";
				ENABLE_NS_ASSERTIONS = NO;
				ENABLE_STRICT_OBJC_MSGSEND = YES;
				GCC_C_LANGUAGE_STANDARD = gnu11;
				GCC_NO_COMMON_BLOCKS = YES;
				GCC_WARN_64_TO_32_BIT_CONVERSION = YES;
				GCC_WARN_ABOUT_RETURN_TYPE = YES_ERROR;
				GCC_WARN_UNDECLARED_SELECTOR = YES;
				GCC_WARN_UNINITIALIZED_AUTOS = YES_AGGRESSIVE;
				GCC_WARN_UNUSED_FUNCTION = YES;
				GCC_WARN_UNUSED_VARIABLE = YES;
				IPHONEOS_DEPLOYMENT_TARGET = 13.7;
				MTL_ENABLE_DEBUG_INFO = NO;
				MTL_FAST_MATH = YES;
				SDKROOT = iphoneos;
				SWIFT_COMPILATION_MODE = wholemodule;
				SWIFT_OPTIMIZATION_LEVEL = "-O";
				VALIDATE_PRODUCT = YES;
			};
			name = Release;
		};
		A05A738E2516E586003ECF11 /* Debug */ = {
			isa = XCBuildConfiguration;
			buildSettings = {
				ASSETCATALOG_COMPILER_APPICON_NAME = AppIcon;
				CODE_SIGN_STYLE = Automatic;
				INFOPLIST_FILE = TechMon/Info.plist;
				LD_RUNPATH_SEARCH_PATHS = (
					"$(inherited)",
					"@executable_path/Frameworks",
				);
				PRODUCT_BUNDLE_IDENTIFIER = com.litech.TechMon;
				PRODUCT_NAME = "$(TARGET_NAME)";
				SWIFT_VERSION = 5.0;
				TARGETED_DEVICE_FAMILY = "1,2";
			};
			name = Debug;
		};
		A05A738F2516E586003ECF11 /* Release */ = {
			isa = XCBuildConfiguration;
			buildSettings = {
				ASSETCATALOG_COMPILER_APPICON_NAME = AppIcon;
				CODE_SIGN_STYLE = Automatic;
				INFOPLIST_FILE = TechMon/Info.plist;
				LD_RUNPATH_SEARCH_PATHS = (
					"$(inherited)",
					"@executable_path/Frameworks",
				);
				PRODUCT_BUNDLE_IDENTIFIER = com.litech.TechMon;
				PRODUCT_NAME = "$(TARGET_NAME)";
				SWIFT_VERSION = 5.0;
				TARGETED_DEVICE_FAMILY = "1,2";
			};
			name = Release;
		};
		A05A73912516E586003ECF11 /* Debug */ = {
			isa = XCBuildConfiguration;
			buildSettings = {
				ALWAYS_EMBED_SWIFT_STANDARD_LIBRARIES = YES;
				BUNDLE_LOADER = "$(TEST_HOST)";
				CODE_SIGN_STYLE = Automatic;
				INFOPLIST_FILE = TechMonTests/Info.plist;
				IPHONEOS_DEPLOYMENT_TARGET = 13.7;
				LD_RUNPATH_SEARCH_PATHS = (
					"$(inherited)",
					"@executable_path/Frameworks",
					"@loader_path/Frameworks",
				);
				PRODUCT_BUNDLE_IDENTIFIER = com.litech.TechMonTests;
				PRODUCT_NAME = "$(TARGET_NAME)";
				SWIFT_VERSION = 5.0;
				TARGETED_DEVICE_FAMILY = "1,2";
				TEST_HOST = "$(BUILT_PRODUCTS_DIR)/TechMon.app/TechMon";
			};
			name = Debug;
		};
		A05A73922516E586003ECF11 /* Release */ = {
			isa = XCBuildConfiguration;
			buildSettings = {
				ALWAYS_EMBED_SWIFT_STANDARD_LIBRARIES = YES;
				BUNDLE_LOADER = "$(TEST_HOST)";
				CODE_SIGN_STYLE = Automatic;
				INFOPLIST_FILE = TechMonTests/Info.plist;
				IPHONEOS_DEPLOYMENT_TARGET = 13.7;
				LD_RUNPATH_SEARCH_PATHS = (
					"$(inherited)",
					"@executable_path/Frameworks",
					"@loader_path/Frameworks",
				);
				PRODUCT_BUNDLE_IDENTIFIER = com.litech.TechMonTests;
				PRODUCT_NAME = "$(TARGET_NAME)";
				SWIFT_VERSION = 5.0;
				TARGETED_DEVICE_FAMILY = "1,2";
				TEST_HOST = "$(BUILT_PRODUCTS_DIR)/TechMon.app/TechMon";
			};
			name = Release;
		};
		A05A73942516E586003ECF11 /* Debug */ = {
			isa = XCBuildConfiguration;
			buildSettings = {
				ALWAYS_EMBED_SWIFT_STANDARD_LIBRARIES = YES;
				CODE_SIGN_STYLE = Automatic;
				INFOPLIST_FILE = TechMonUITests/Info.plist;
				LD_RUNPATH_SEARCH_PATHS = (
					"$(inherited)",
					"@executable_path/Frameworks",
					"@loader_path/Frameworks",
				);
				PRODUCT_BUNDLE_IDENTIFIER = com.litech.TechMonUITests;
				PRODUCT_NAME = "$(TARGET_NAME)";
				SWIFT_VERSION = 5.0;
				TARGETED_DEVICE_FAMILY = "1,2";
				TEST_TARGET_NAME = TechMon;
			};
			name = Debug;
		};
		A05A73952516E586003ECF11 /* Release */ = {
			isa = XCBuildConfiguration;
			buildSettings = {
				ALWAYS_EMBED_SWIFT_STANDARD_LIBRARIES = YES;
				CODE_SIGN_STYLE = Automatic;
				INFOPLIST_FILE = TechMonUITests/Info.plist;
				LD_RUNPATH_SEARCH_PATHS = (
					"$(inherited)",
					"@executable_path/Frameworks",
					"@loader_path/Frameworks",
				);
				PRODUCT_BUNDLE_IDENTIFIER = com.litech.TechMonUITests;
				PRODUCT_NAME = "$(TARGET_NAME)";
				SWIFT_VERSION = 5.0;
				TARGETED_DEVICE_FAMILY = "1,2";
				TEST_TARGET_NAME = TechMon;
			};
			name = Release;
		};
/* End XCBuildConfiguration section */

/* Begin XCConfigurationList section */
		A05A735E2516E583003ECF11 /* Build configuration list for PBXProject "TechMon" */ = {
			isa = XCConfigurationList;
			buildConfigurations = (
				A05A738B2516E586003ECF11 /* Debug */,
				A05A738C2516E586003ECF11 /* Release */,
			);
			defaultConfigurationIsVisible = 0;
			defaultConfigurationName = Release;
		};
		A05A738D2516E586003ECF11 /* Build configuration list for PBXNativeTarget "TechMon" */ = {
			isa = XCConfigurationList;
			buildConfigurations = (
				A05A738E2516E586003ECF11 /* Debug */,
				A05A738F2516E586003ECF11 /* Release */,
			);
			defaultConfigurationIsVisible = 0;
			defaultConfigurationName = Release;
		};
		A05A73902516E586003ECF11 /* Build configuration list for PBXNativeTarget "TechMonTests" */ = {
			isa = XCConfigurationList;
			buildConfigurations = (
				A05A73912516E586003ECF11 /* Debug */,
				A05A73922516E586003ECF11 /* Release */,
			);
			defaultConfigurationIsVisible = 0;
			defaultConfigurationName = Release;
		};
		A05A73932516E586003ECF11 /* Build configuration list for PBXNativeTarget "TechMonUITests" */ = {
			isa = XCConfigurationList;
			buildConfigurations = (
				A05A73942516E586003ECF11 /* Debug */,
				A05A73952516E586003ECF11 /* Release */,
			);
			defaultConfigurationIsVisible = 0;
			defaultConfigurationName = Release;
		};
/* End XCConfigurationList section */
	};
	rootObject = A05A735B2516E583003ECF11 /* Project object */;
}
